
Microsoft Visual Studio Solution File, Format Version 12.00
# Visual Studio Version 16
VisualStudioVersion = 16.0.28803.352
MinimumVisualStudioVersion = 10.0.40219.1
Project("{FAE04EC0-301F-11D3-BF4B-00C04F79EFBC}") = "Task_numerical_integration", "Task_numerical_integration\Task_numerical_integration.csproj", "{A609460F-1708-49BF-97DF-BF29C4705AF7}"
EndProject
Project("{FAE04EC0-301F-11D3-BF4B-00C04F79EFBC}") = "Task_numerical_integration.Tests", "Task_numerical_integration_Tests\Task_numerical_integration.Tests.csproj", "{501FE5F3-668D-4931-B9DD-BF9A26AEECC2}"
EndProject
Global
	GlobalSection(SolutionConfigurationPlatforms) = preSolution
		Debug|Any CPU = Debug|Any CPU
		Release|Any CPU = Release|Any CPU
	EndGlobalSection
	GlobalSection(ProjectConfigurationPlatforms) = postSolution
		{A609460F-1708-49BF-97DF-BF29C4705AF7}.Debug|Any CPU.ActiveCfg = Debug|Any CPU
		{A609460F-1708-49BF-97DF-BF29C4705AF7}.Debug|Any CPU.Build.0 = Debug|Any CPU
		{A609460F-1708-49BF-97DF-BF29C4705AF7}.Release|Any CPU.ActiveCfg = Release|Any CPU
		{A609460F-1708-49BF-97DF-BF29C4705AF7}.Release|Any CPU.Build.0 = Release|Any CPU
		{501FE5F3-668D-4931-B9DD-BF9A26AEECC2}.Debug|Any CPU.ActiveCfg = Debug|Any CPU
		{501FE5F3-668D-4931-B9DD-BF9A26AEECC2}.Debug|Any CPU.Build.0 = Debug|Any CPU
		{501FE5F3-668D-4931-B9DD-BF9A26AEECC2}.Release|Any CPU.ActiveCfg = Release|Any CPU
		{501FE5F3-668D-4931-B9DD-BF9A26AEECC2}.Release|Any CPU.Build.0 = Release|Any CPU
	EndGlobalSection
	GlobalSection(SolutionProperties) = preSolution
		HideSolutionNode = FALSE
	EndGlobalSection
	GlobalSection(ExtensibilityGlobals) = postSolution
		SolutionGuid = {BE435076-A2A4-4EEE-B619-F2F42FAC9277}
	EndGlobalSection
EndGlobal
